
Microsoft Visual Studio Solution File, Format Version 12.00
# Visual Studio Version 17
VisualStudioVersion = 17.13.35818.85
MinimumVisualStudioVersion = 10.0.40219.1
Project("{2150E333-8FDC-42A3-9474-1A3956D46DE8}") = "MVVMPlatform", "MVVMPlatform", "{02EA681E-C7D8-13C7-8484-4AC65E1B71E8}"
EndProject
Project("{FAE04EC0-301F-11D3-BF4B-00C04F79EFBC}") = "PurePrismDemp", "PurePrismDemp\PurePrismDemp.csproj", "{2A9E560A-EFF4-4C6B-80B3-6E10E0AF7B2E}"
EndProject
Global
	GlobalSection(SolutionConfigurationPlatforms) = preSolution
		Debug|Any CPU = Debug|Any CPU
		Release|Any CPU = Release|Any CPU
	EndGlobalSection
	GlobalSection(ProjectConfigurationPlatforms) = postSolution
		{2A9E560A-EFF4-4C6B-80B3-6E10E0AF7B2E}.Debug|Any CPU.ActiveCfg = Debug|Any CPU
		{2A9E560A-EFF4-4C6B-80B3-6E10E0AF7B2E}.Debug|Any CPU.Build.0 = Debug|Any CPU
		{2A9E560A-EFF4-4C6B-80B3-6E10E0AF7B2E}.Release|Any CPU.ActiveCfg = Release|Any CPU
		{2A9E560A-EFF4-4C6B-80B3-6E10E0AF7B2E}.Release|Any CPU.Build.0 = Release|Any CPU
	EndGlobalSection
	GlobalSection(SolutionProperties) = preSolution
		HideSolutionNode = FALSE
	EndGlobalSection
	GlobalSection(NestedProjects) = preSolution
		{2A9E560A-EFF4-4C6B-80B3-6E10E0AF7B2E} = {02EA681E-C7D8-13C7-8484-4AC65E1B71E8}
	EndGlobalSection
	GlobalSection(ExtensibilityGlobals) = postSolution
		SolutionGuid = {D484CA8A-E829-4C42-8A7E-848C3EC78C87}
	EndGlobalSection
EndGlobal
